<?xml version="1.0" encoding="utf-8"?>
<Project ToolsVersion="4.0" xmlns="http://schemas.microsoft.com/developer/msbuild/2003">
  <ItemGroup>
    <ClCompile Include="main.cpp" />
    <ClCompile Include="script.cpp" />
    <ClCompile Include="..\..\lib\MinHook\src\buffer.c">
      <Filter>lib\MinHook</Filter>
    </ClCompile>
    <ClCompile Include="..\..\lib\MinHook\src\hook.c">
      <Filter>lib\MinHook</Filter>
    </ClCompile>
    <ClCompile Include="..\..\lib\MinHook\src\trampoline.c">
      <Filter>lib\MinHook</Filter>
    </ClCompile>
    <ClCompile Include="..\..\lib\MinHook\src\hde\hde32.c">
      <Filter>lib\MinHook\hde</Filter>
    </ClCompile>
    <ClCompile Include="..\..\lib\MinHook\src\hde\hde64.c">
      <Filter>lib\MinHook\hde</Filter>
    </ClCompile>
    <ClCompile Include="scanner.cpp" />
  </ItemGroup>
  <ItemGroup>
    <ClInclude Include="..\..\inc\enums.h">
      <Filter>include</Filter>
    </ClInclude>
    <ClInclude Include="..\..\inc\natives.h">
      <Filter>include</Filter>
    </ClInclude>
    <ClInclude Include="..\..\inc\types.h">
      <Filter>include</Filter>
    </ClInclude>
    <ClInclude Include="..\..\inc\main.h">
      <Filter>include</Filter>
    </ClInclude>
    <ClInclude Include="script.h" />
    <ClInclude Include="console.h" />
    <ClInclude Include="..\..\inc\MinHook.h">
      <Filter>include</Filter>
    </ClInclude>
    <ClInclude Include="..\..\lib\MinHook\src\buffer.h">
      <Filter>lib\MinHook</Filter>
    </ClInclude>
    <ClInclude Include="..\..\lib\MinHook\src\trampoline.h">
      <Filter>lib\MinHook</Filter>
    </ClInclude>
    <ClInclude Include="..\..\lib\MinHook\src\hde\hde32.h">
      <Filter>lib\MinHook\hde</Filter>
    </ClInclude>
    <ClInclude Include="..\..\lib\MinHook\src\hde\hde64.h">
      <Filter>lib\MinHook\hde</Filter>
    </ClInclude>
    <ClInclude Include="..\..\lib\MinHook\src\hde\pstdint.h">
      <Filter>lib\MinHook\hde</Filter>
    </ClInclude>
    <ClInclude Include="..\..\lib\MinHook\src\hde\table32.h">
      <Filter>lib\MinHook\hde</Filter>
    </ClInclude>
    <ClInclude Include="..\..\lib\MinHook\src\hde\table64.h">
      <Filter>lib\MinHook\hde</Filter>
    </ClInclude>
    <ClInclude Include="hookhandler.hpp" />
    <ClInclude Include="rage.hpp">
      <Filter>rage</Filter>
    </ClInclude>
    <ClInclude Include="scanner.hpp" />
  </ItemGroup>
  <ItemGroup>
    <Filter Include="include">
      <UniqueIdentifier>{5d58942b-ebbf-4d0a-9526-359e3a556796}</UniqueIdentifier>
    </Filter>
    <Filter Include="lib">
      <UniqueIdentifier>{a486e665-ad1e-4ec9-a2ad-27a05f15bb1e}</UniqueIdentifier>
    </Filter>
    <Filter Include="lib\MinHook">
      <UniqueIdentifier>{faebb4fa-600d-4aac-b11f-567e8703b838}</UniqueIdentifier>
    </Filter>
    <Filter Include="lib\MinHook\hde">
      <UniqueIdentifier>{70b32d61-3b2b-4c95-9554-88ea50dcf9d8}</UniqueIdentifier>
    </Filter>
    <Filter Include="rage">
      <UniqueIdentifier>{4750dfea-84d1-4a26-aaa1-3ef8b7e59efd}</UniqueIdentifier>
    </Filter>
  </ItemGroup>
</Project>
